
Microsoft Visual Studio Solution File, Format Version 12.00
# Visual Studio Version 17
VisualStudioVersion = 17.14.36811.4 d17.14
MinimumVisualStudioVersion = 10.0.40219.1
Project("{FAE04EC0-301F-11D3-BF4B-00C04F79EFBC}") = "Quizory.Api", "Quizory.Api.csproj", "{3F4E7385-4C80-81AE-3965-6A0E71AAAB64}"
EndProject
Global
	GlobalSection(SolutionConfigurationPlatforms) = preSolution
		Debug|Any CPU = Debug|Any CPU
		Release|Any CPU = Release|Any CPU
	EndGlobalSection
	GlobalSection(ProjectConfigurationPlatforms) = postSolution
		{3F4E7385-4C80-81AE-3965-6A0E71AAAB64}.Debug|Any CPU.ActiveCfg = Debug|Any CPU
		{3F4E7385-4C80-81AE-3965-6A0E71AAAB64}.Debug|Any CPU.Build.0 = Debug|Any CPU
		{3F4E7385-4C80-81AE-3965-6A0E71AAAB64}.Release|Any CPU.ActiveCfg = Release|Any CPU
		{3F4E7385-4C80-81AE-3965-6A0E71AAAB64}.Release|Any CPU.Build.0 = Release|Any CPU
	EndGlobalSection
	GlobalSection(SolutionProperties) = preSolution
		HideSolutionNode = FALSE
	EndGlobalSection
	GlobalSection(ExtensibilityGlobals) = postSolution
		SolutionGuid = {BD806A00-0D93-4AD2-9BDC-8D454899438F}
	EndGlobalSection
EndGlobal
